
Microsoft Visual Studio Solution File, Format Version 12.00
# Visual Studio Version 17
VisualStudioVersion = 17.5.33424.131
MinimumVisualStudioVersion = 10.0.40219.1
Project("{FAE04EC0-301F-11D3-BF4B-00C04F79EFBC}") = "CarMaster", "CarMaster.csproj", "{5B8A6404-9854-4488-8977-C4A4FE217C74}"
EndProject
Global
	GlobalSection(SolutionConfigurationPlatforms) = preSolution
		Debug|Any CPU = Debug|Any CPU
		Debug|x64 = Debug|x64
		Release|Any CPU = Release|Any CPU
		Release|x64 = Release|x64
	EndGlobalSection
	GlobalSection(ProjectConfigurationPlatforms) = postSolution
		{5B8A6404-9854-4488-8977-C4A4FE217C74}.Debug|Any CPU.ActiveCfg = Debug|Any CPU
		{5B8A6404-9854-4488-8977-C4A4FE217C74}.Debug|Any CPU.Build.0 = Debug|Any CPU
		{5B8A6404-9854-4488-8977-C4A4FE217C74}.Debug|x64.ActiveCfg = Debug|x64
		{5B8A6404-9854-4488-8977-C4A4FE217C74}.Debug|x64.Build.0 = Debug|x64
		{5B8A6404-9854-4488-8977-C4A4FE217C74}.Release|Any CPU.ActiveCfg = Release|Any CPU
		{5B8A6404-9854-4488-8977-C4A4FE217C74}.Release|Any CPU.Build.0 = Release|Any CPU
		{5B8A6404-9854-4488-8977-C4A4FE217C74}.Release|x64.ActiveCfg = Release|x64
		{5B8A6404-9854-4488-8977-C4A4FE217C74}.Release|x64.Build.0 = Release|x64
	EndGlobalSection
	GlobalSection(SolutionProperties) = preSolution
		HideSolutionNode = FALSE
	EndGlobalSection
	GlobalSection(ExtensibilityGlobals) = postSolution
		SolutionGuid = {DDA03046-1610-4D5C-AB0E-31A4B24FBB38}
	EndGlobalSection
EndGlobal
